
Microsoft Visual Studio Solution File, Format Version 12.00
# Visual Studio Version 17
VisualStudioVersion = 17.4.33213.308
MinimumVisualStudioVersion = 10.0.40219.1
Project("{2150E333-8FDC-42A3-9474-1A3956D46DE8}") = "Services", "Services", "{1EF94521-1696-415E-BFCF-6739EFFC1349}"
EndProject
Project("{2150E333-8FDC-42A3-9474-1A3956D46DE8}") = "Catalog", "Catalog", "{FB4E1F34-1885-438A-ACE0-7002ADA2BB8E}"
EndProject
Global
	GlobalSection(SolutionProperties) = preSolution
		HideSolutionNode = FALSE
	EndGlobalSection
	GlobalSection(NestedProjects) = preSolution
		{FB4E1F34-1885-438A-ACE0-7002ADA2BB8E} = {1EF94521-1696-415E-BFCF-6739EFFC1349}
	EndGlobalSection
	GlobalSection(ExtensibilityGlobals) = postSolution
		SolutionGuid = {D438892E-7636-44EC-94A0-DDAE59A687E4}
	EndGlobalSection
EndGlobal
